// !$*UTF8*$!
{
	archiveVersion = 1;
	classes = {
	};
	objectVersion = 50;
	objects = {

/* Begin PBXBuildFile section */
		C884ADB724B902F2009EE6E3 /* AppDelegate.swift in Sources */ = {isa = PBXBuildFile; fileRef = C884ADB624B902F2009EE6E3 /* AppDelegate.swift */; };
		C884ADB924B902F2009EE6E3 /* SceneDelegate.swift in Sources */ = {isa = PBXBuildFile; fileRef = C884ADB824B902F2009EE6E3 /* SceneDelegate.swift */; };
		C884ADBE24B902F3009EE6E3 /* Main.storyboard in Resources */ = {isa = PBXBuildFile; fileRef = C884ADBC24B902F3009EE6E3 /* Main.storyboard */; };
		C884ADC024B902F4009EE6E3 /* Assets.xcassets in Resources */ = {isa = PBXBuildFile; fileRef = C884ADBF24B902F4009EE6E3 /* Assets.xcassets */; };
		C884ADC324B902F4009EE6E3 /* LaunchScreen.storyboard in Resources */ = {isa = PBXBuildFile; fileRef = C884ADC124B902F4009EE6E3 /* LaunchScreen.storyboard */; };
		C884ADD124B90392009EE6E3 /* Person.swift in Sources */ = {isa = PBXBuildFile; fileRef = C884ADD024B90392009EE6E3 /* Person.swift */; };
		C884ADD424B903EC009EE6E3 /* PersonController.swift in Sources */ = {isa = PBXBuildFile; fileRef = C884ADD324B903EC009EE6E3 /* PersonController.swift */; };
/* End PBXBuildFile section */

/* Begin PBXFileReference section */
		C884ADB324B902F2009EE6E3 /* PairAssessment6.2.app */ = {isa = PBXFileReference; explicitFileType = wrapper.application; includeInIndex = 0; path = PairAssessment6.2.app; sourceTree = BUILT_PRODUCTS_DIR; };
		C884ADB624B902F2009EE6E3 /* AppDelegate.swift */ = {isa = PBXFileReference; lastKnownFileType = sourcecode.swift; path = AppDelegate.swift; sourceTree = "<group>"; };
		C884ADB824B902F2009EE6E3 /* SceneDelegate.swift */ = {isa = PBXFileReference; lastKnownFileType = sourcecode.swift; path = SceneDelegate.swift; sourceTree = "<group>"; };
		C884ADBD24B902F3009EE6E3 /* Base */ = {isa = PBXFileReference; lastKnownFileType = file.storyboard; name = Base; path = Base.lproj/Main.storyboard; sourceTree = "<group>"; };
		C884ADBF24B902F4009EE6E3 /* Assets.xcassets */ = {isa = PBXFileReference; lastKnownFileType = folder.assetcatalog; path = Assets.xcassets; sourceTree = "<group>"; };
		C884ADC224B902F4009EE6E3 /* Base */ = {isa = PBXFileReference; lastKnownFileType = file.storyboard; name = Base; path = Base.lproj/LaunchScreen.storyboard; sourceTree = "<group>"; };
		C884ADC424B902F4009EE6E3 /* Info.plist */ = {isa = PBXFileReference; lastKnownFileType = text.plist.xml; path = Info.plist; sourceTree = "<group>"; };
		C884ADD024B90392009EE6E3 /* Person.swift */ = {isa = PBXFileReference; lastKnownFileType = sourcecode.swift; path = Person.swift; sourceTree = "<group>"; };
		C884ADD324B903EC009EE6E3 /* PersonController.swift */ = {isa = PBXFileReference; lastKnownFileType = sourcecode.swift; path = PersonController.swift; sourceTree = "<group>"; };
/* End PBXFileReference section */

/* Begin PBXFrameworksBuildPhase section */
		C884ADB024B902F2009EE6E3 /* Frameworks */ = {
			isa = PBXFrameworksBuildPhase;
			buildActionMask = 2147483647;
			files = (
			);
			runOnlyForDeploymentPostprocessing = 0;
		};
/* End PBXFrameworksBuildPhase section */

/* Begin PBXGroup section */
		C884ADAA24B902F2009EE6E3 = {
			isa = PBXGroup;
			children = (
				C884ADB524B902F2009EE6E3 /* PairAssessment6.2 */,
				C884ADB424B902F2009EE6E3 /* Products */,
			);
			sourceTree = "<group>";
		};
		C884ADB424B902F2009EE6E3 /* Products */ = {
			isa = PBXGroup;
			children = (
				C884ADB324B902F2009EE6E3 /* PairAssessment6.2.app */,
			);
			name = Products;
			sourceTree = "<group>";
		};
		C884ADB524B902F2009EE6E3 /* PairAssessment6.2 */ = {
			isa = PBXGroup;
			children = (
				C884ADCD24B90362009EE6E3 /* Model */,
				C884ADCC24B9035A009EE6E3 /* Controllers */,
				C884ADCB24B9033A009EE6E3 /* View */,
				C884ADCA24B90317009EE6E3 /* Resources */,
			);
			path = PairAssessment6.2;
			sourceTree = "<group>";
		};
		C884ADCA24B90317009EE6E3 /* Resources */ = {
			isa = PBXGroup;
			children = (
				C884ADB624B902F2009EE6E3 /* AppDelegate.swift */,
				C884ADB824B902F2009EE6E3 /* SceneDelegate.swift */,
				C884ADBF24B902F4009EE6E3 /* Assets.xcassets */,
				C884ADC124B902F4009EE6E3 /* LaunchScreen.storyboard */,
				C884ADC424B902F4009EE6E3 /* Info.plist */,
			);
			path = Resources;
			sourceTree = "<group>";
		};
		C884ADCB24B9033A009EE6E3 /* View */ = {
			isa = PBXGroup;
			children = (
				C884ADBC24B902F3009EE6E3 /* Main.storyboard */,
			);
			path = View;
			sourceTree = "<group>";
		};
		C884ADCC24B9035A009EE6E3 /* Controllers */ = {
			isa = PBXGroup;
			children = (
				C884ADCE24B9036F009EE6E3 /* Model Controller */,
				C884ADCF24B90378009EE6E3 /* View Controller */,
			);
			path = Controllers;
			sourceTree = "<group>";
		};
		C884ADCD24B90362009EE6E3 /* Model */ = {
			isa = PBXGroup;
			children = (
				C884ADD024B90392009EE6E3 /* Person.swift */,
			);
			path = Model;
			sourceTree = "<group>";
		};
		C884ADCE24B9036F009EE6E3 /* Model Controller */ = {
			isa = PBXGroup;
			children = (
				C884ADD324B903EC009EE6E3 /* PersonController.swift */,
			);
			path = "Model Controller";
			sourceTree = "<group>";
		};
		C884ADCF24B90378009EE6E3 /* View Controller */ = {
			isa = PBXGroup;
			children = (
			);
			path = "View Controller";
			sourceTree = "<group>";
		};
/* End PBXGroup section */

/* Begin PBXNativeTarget section */
		C884ADB224B902F2009EE6E3 /* PairAssessment6.2 */ = {
			isa = PBXNativeTarget;
			buildConfigurationList = C884ADC724B902F4009EE6E3 /* Build configuration list for PBXNativeTarget "PairAssessment6.2" */;
			buildPhases = (
				C884ADAF24B902F2009EE6E3 /* Sources */,
				C884ADB024B902F2009EE6E3 /* Frameworks */,
				C884ADB124B902F2009EE6E3 /* Resources */,
			);
			buildRules = (
			);
			dependencies = (
			);
			name = PairAssessment6.2;
			productName = PairAssessment6.2;
			productReference = C884ADB324B902F2009EE6E3 /* PairAssessment6.2.app */;
			productType = "com.apple.product-type.application";
		};
/* End PBXNativeTarget section */

/* Begin PBXProject section */
		C884ADAB24B902F2009EE6E3 /* Project object */ = {
			isa = PBXProject;
			attributes = {
				LastSwiftUpdateCheck = 1150;
				LastUpgradeCheck = 1150;
				ORGANIZATIONNAME = "Hunter Smith";
				TargetAttributes = {
					C884ADB224B902F2009EE6E3 = {
						CreatedOnToolsVersion = 11.5;
					};
				};
			};
			buildConfigurationList = C884ADAE24B902F2009EE6E3 /* Build configuration list for PBXProject "PairAssessment6.2" */;
			compatibilityVersion = "Xcode 9.3";
			developmentRegion = en;
			hasScannedForEncodings = 0;
			knownRegions = (
				en,
				Base,
			);
			mainGroup = C884ADAA24B902F2009EE6E3;
			productRefGroup = C884ADB424B902F2009EE6E3 /* Products */;
			projectDirPath = "";
			projectRoot = "";
			targets = (
				C884ADB224B902F2009EE6E3 /* PairAssessment6.2 */,
			);
		};
/* End PBXProject section */

/* Begin PBXResourcesBuildPhase section */
		C884ADB124B902F2009EE6E3 /* Resources */ = {
			isa = PBXResourcesBuildPhase;
			buildActionMask = 2147483647;
			files = (
				C884ADC324B902F4009EE6E3 /* LaunchScreen.storyboard in Resources */,
				C884ADC024B902F4009EE6E3 /* Assets.xcassets in Resources */,
				C884ADBE24B902F3009EE6E3 /* Main.storyboard in Resources */,
			);
			runOnlyForDeploymentPostprocessing = 0;
		};
/* End PBXResourcesBuildPhase section */

/* Begin PBXSourcesBuildPhase section */
		C884ADAF24B902F2009EE6E3 /* Sources */ = {
			isa = PBXSourcesBuildPhase;
			buildActionMask = 2147483647;
			files = (
				C884ADD424B903EC009EE6E3 /* PersonController.swift in Sources */,
				C884ADD124B90392009EE6E3 /* Person.swift in Sources */,
				C884ADB724B902F2009EE6E3 /* AppDelegate.swift in Sources */,
				C884ADB924B902F2009EE6E3 /* SceneDelegate.swift in Sources */,
			);
			runOnlyForDeploymentPostprocessing = 0;
		};
/* End PBXSourcesBuildPhase section */

/* Begin PBXVariantGroup section */
		C884ADBC24B902F3009EE6E3 /* Main.storyboard */ = {
			isa = PBXVariantGroup;
			children = (
				C884ADBD24B902F3009EE6E3 /* Base */,
			);
			name = Main.storyboard;
			sourceTree = "<group>";
		};
		C884ADC124B902F4009EE6E3 /* LaunchScreen.storyboard */ = {
			isa = PBXVariantGroup;
			children = (
				C884ADC224B902F4009EE6E3 /* Base */,
			);
			name = LaunchScreen.storyboard;
			sourceTree = "<group>";
		};
/* End PBXVariantGroup section */

/* Begin XCBuildConfiguration section */
		C884ADC524B902F4009EE6E3 /* Debug */ = {
			isa = XCBuildConfiguration;
			buildSettings = {
				ALWAYS_SEARCH_USER_PATHS = NO;
				CLANG_ANALYZER_NONNULL = YES;
				CLANG_ANALYZER_NUMBER_OBJECT_CONVERSION = YES_AGGRESSIVE;
				CLANG_CXX_LANGUAGE_STANDARD = "gnu++14";
				CLANG_CXX_LIBRARY = "libc++";
				CLANG_ENABLE_MODULES = YES;
				CLANG_ENABLE_OBJC_ARC = YES;
				CLANG_ENABLE_OBJC_WEAK = YES;
				CLANG_WARN_BLOCK_CAPTURE_AUTORELEASING = YES;
				CLANG_WARN_BOOL_CONVERSION = YES;
				CLANG_WARN_COMMA = YES;
				CLANG_WARN_CONSTANT_CONVERSION = YES;
				CLANG_WARN_DEPRECATED_OBJC_IMPLEMENTATIONS = YES;
				CLANG_WARN_DIRECT_OBJC_ISA_USAGE = YES_ERROR;
				CLANG_WARN_DOCUMENTATION_COMMENTS = YES;
				CLANG_WARN_EMPTY_BODY = YES;
				CLANG_WARN_ENUM_CONVERSION = YES;
				CLANG_WARN_INFINITE_RECURSION = YES;
				CLANG_WARN_INT_CONVERSION = YES;
				CLANG_WARN_NON_LITERAL_NULL_CONVERSION = YES;
				CLANG_WARN_OBJC_IMPLICIT_RETAIN_SELF = YES;
				CLANG_WARN_OBJC_LITERAL_CONVERSION = YES;
				CLANG_WARN_OBJC_ROOT_CLASS = YES_ERROR;
				CLANG_WARN_RANGE_LOOP_ANALYSIS = YES;
				CLANG_WARN_STRICT_PROTOTYPES = YES;
				CLANG_WARN_SUSPICIOUS_MOVE = YES;
				CLANG_WARN_UNGUARDED_AVAILABILITY = YES_AGGRESSIVE;
				CLANG_WARN_UNREACHABLE_CODE = YES;
				CLANG_WARN__DUPLICATE_METHOD_MATCH = YES;
				COPY_PHASE_STRIP = NO;
				DEBUG_INFORMATION_FORMAT = dwarf;
				ENABLE_STRICT_OBJC_MSGSEND = YES;
				ENABLE_TESTABILITY = YES;
				GCC_C_LANGUAGE_STANDARD = gnu11;
				GCC_DYNAMIC_NO_PIC = NO;
				GCC_NO_COMMON_BLOCKS = YES;
				GCC_OPTIMIZATION_LEVEL = 0;
				GCC_PREPROCESSOR_DEFINITIONS = (
					"DEBUG=1",
					"$(inherited)",
				);
				GCC_WARN_64_TO_32_BIT_CONVERSION = YES;
				GCC_WARN_ABOUT_RETURN_TYPE = YES_ERROR;
				GCC_WARN_UNDECLARED_SELECTOR = YES;
				GCC_WARN_UNINITIALIZED_AUTOS = YES_AGGRESSIVE;
				GCC_WARN_UNUSED_FUNCTION = YES;
				GCC_WARN_UNUSED_VARIABLE = YES;
				IPHONEOS_DEPLOYMENT_TARGET = 13.5;
				MTL_ENABLE_DEBUG_INFO = INCLUDE_SOURCE;
				MTL_FAST_MATH = YES;
				ONLY_ACTIVE_ARCH = YES;
				SDKROOT = iphoneos;
				SWIFT_ACTIVE_COMPILATION_CONDITIONS = DEBUG;
				SWIFT_OPTIMIZATION_LEVEL = "-Onone";
			};
			name = Debug;
		};
		C884ADC624B902F4009EE6E3 /* Release */ = {
			isa = XCBuildConfiguration;
			buildSettings = {
				ALWAYS_SEARCH_USER_PATHS = NO;
				CLANG_ANALYZER_NONNULL = YES;
				CLANG_ANALYZER_NUMBER_OBJECT_CONVERSION = YES_AGGRESSIVE;
				CLANG_CXX_LANGUAGE_STANDARD = "gnu++14";
				CLANG_CXX_LIBRARY = "libc++";
				CLANG_ENABLE_MODULES = YES;
				CLANG_ENABLE_OBJC_ARC = YES;
				CLANG_ENABLE_OBJC_WEAK = YES;
				CLANG_WARN_BLOCK_CAPTURE_AUTORELEASING = YES;
				CLANG_WARN_BOOL_CONVERSION = YES;
				CLANG_WARN_COMMA = YES;
				CLANG_WARN_CONSTANT_CONVERSION = YES;
				CLANG_WARN_DEPRECATED_OBJC_IMPLEMENTATIONS = YES;
				CLANG_WARN_DIRECT_OBJC_ISA_USAGE = YES_ERROR;
				CLANG_WARN_DOCUMENTATION_COMMENTS = YES;
				CLANG_WARN_EMPTY_BODY = YES;
				CLANG_WARN_ENUM_CONVERSION = YES;
				CLANG_WARN_INFINITE_RECURSION = YES;
				CLANG_WARN_INT_CONVERSION = YES;
				CLANG_WARN_NON_LITERAL_NULL_CONVERSION = YES;
				CLANG_WARN_OBJC_IMPLICIT_RETAIN_SELF = YES;
				CLANG_WARN_OBJC_LITERAL_CONVERSION = YES;
				CLANG_WARN_OBJC_ROOT_CLASS = YES_ERROR;
				CLANG_WARN_RANGE_LOOP_ANALYSIS = YES;
				CLANG_WARN_STRICT_PROTOTYPES = YES;
				CLANG_WARN_SUSPICIOUS_MOVE = YES;
				CLANG_WARN_UNGUARDED_AVAILABILITY = YES_AGGRESSIVE;
				CLANG_WARN_UNREACHABLE_CODE = YES;
				CLANG_WARN__DUPLICATE_METHOD_MATCH = YES;
				COPY_PHASE_STRIP = NO;
				DEBUG_INFORMATION_FORMAT = "dwarf-with-dsym";
				ENABLE_NS_ASSERTIONS = NO;
				ENABLE_STRICT_OBJC_MSGSEND = YES;
				GCC_C_LANGUAGE_STANDARD = gnu11;
				GCC_NO_COMMON_BLOCKS = YES;
				GCC_WARN_64_TO_32_BIT_CONVERSION = YES;
				GCC_WARN_ABOUT_RETURN_TYPE = YES_ERROR;
				GCC_WARN_UNDECLARED_SELECTOR = YES;
				GCC_WARN_UNINITIALIZED_AUTOS = YES_AGGRESSIVE;
				GCC_WARN_UNUSED_FUNCTION = YES;
				GCC_WARN_UNUSED_VARIABLE = YES;
				IPHONEOS_DEPLOYMENT_TARGET = 13.5;
				MTL_ENABLE_DEBUG_INFO = NO;
				MTL_FAST_MATH = YES;
				SDKROOT = iphoneos;
				SWIFT_COMPILATION_MODE = wholemodule;
				SWIFT_OPTIMIZATION_LEVEL = "-O";
				VALIDATE_PRODUCT = YES;
			};
			name = Release;
		};
		C884ADC824B902F4009EE6E3 /* Debug */ = {
			isa = XCBuildConfiguration;
			buildSettings = {
				ASSETCATALOG_COMPILER_APPICON_NAME = AppIcon;
				CODE_SIGN_STYLE = Automatic;
				DEVELOPMENT_TEAM = 2QLUKB86TJ;
				INFOPLIST_FILE = PairAssessment6.2/Resources/Info.plist;
				LD_RUNPATH_SEARCH_PATHS = (
					"$(inherited)",
					"@executable_path/Frameworks",
				);
				PRODUCT_BUNDLE_IDENTIFIER = "com.HunterSmith.PairAssessment6-2";
				PRODUCT_NAME = "$(TARGET_NAME)";
				SWIFT_VERSION = 5.0;
				TARGETED_DEVICE_FAMILY = "1,2";
			};
			name = Debug;
		};
		C884ADC924B902F4009EE6E3 /* Release */ = {
			isa = XCBuildConfiguration;
			buildSettings = {
				ASSETCATALOG_COMPILER_APPICON_NAME = AppIcon;
				CODE_SIGN_STYLE = Automatic;
				DEVELOPMENT_TEAM = 2QLUKB86TJ;
				INFOPLIST_FILE = PairAssessment6.2/Resources/Info.plist;
				LD_RUNPATH_SEARCH_PATHS = (
					"$(inherited)",
					"@executable_path/Frameworks",
				);
				PRODUCT_BUNDLE_IDENTIFIER = "com.HunterSmith.PairAssessment6-2";
				PRODUCT_NAME = "$(TARGET_NAME)";
				SWIFT_VERSION = 5.0;
				TARGETED_DEVICE_FAMILY = "1,2";
			};
			name = Release;
		};
/* End XCBuildConfiguration section */

/* Begin XCConfigurationList section */
		C884ADAE24B902F2009EE6E3 /* Build configuration list for PBXProject "PairAssessment6.2" */ = {
			isa = XCConfigurationList;
			buildConfigurations = (
				C884ADC524B902F4009EE6E3 /* Debug */,
				C884ADC624B902F4009EE6E3 /* Release */,
			);
			defaultConfigurationIsVisible = 0;
			defaultConfigurationName = Release;
		};
		C884ADC724B902F4009EE6E3 /* Build configuration list for PBXNativeTarget "PairAssessment6.2" */ = {
			isa = XCConfigurationList;
			buildConfigurations = (
				C884ADC824B902F4009EE6E3 /* Debug */,
				C884ADC924B902F4009EE6E3 /* Release */,
			);
			defaultConfigurationIsVisible = 0;
			defaultConfigurationName = Release;
		};
/* End XCConfigurationList section */
	};
	rootObject = C884ADAB24B902F2009EE6E3 /* Project object */;
}
